// !$*UTF8*$!
{
	archiveVersion = 1;
	classes = {
	};
	objectVersion = 46;
	objects = {

/* Begin PBXBuildFile section */
		223694451B5695A2000F9626 /* CategoryViewController.swift in Sources */ = {isa = PBXBuildFile; fileRef = 223694441B5695A2000F9626 /* CategoryViewController.swift */; };
		224428911B46C3550050CF2B /* InterfaceController.swift in Sources */ = {isa = PBXBuildFile; fileRef = 224428901B46C3550050CF2B /* InterfaceController.swift */; };
		224428931B46C3550050CF2B /* NotificationController.swift in Sources */ = {isa = PBXBuildFile; fileRef = 224428921B46C3550050CF2B /* NotificationController.swift */; };
		224428951B46C3550050CF2B /* Images.xcassets in Resources */ = {isa = PBXBuildFile; fileRef = 224428941B46C3550050CF2B /* Images.xcassets */; };
		224428991B46C3550050CF2B /* Announcer WatchKit App.app in Resources */ = {isa = PBXBuildFile; fileRef = 224428981B46C3550050CF2B /* Announcer WatchKit App.app */; };
		224428A11B46C3550050CF2B /* Interface.storyboard in Resources */ = {isa = PBXBuildFile; fileRef = 2244289F1B46C3550050CF2B /* Interface.storyboard */; };
		224428A31B46C3550050CF2B /* Images.xcassets in Resources */ = {isa = PBXBuildFile; fileRef = 224428A21B46C3550050CF2B /* Images.xcassets */; };
		224428A61B46C3550050CF2B /* Announcer WatchKit Extension.appex in Embed App Extensions */ = {isa = PBXBuildFile; fileRef = 2244288B1B46C3550050CF2B /* Announcer WatchKit Extension.appex */; settings = {ATTRIBUTES = (RemoveHeadersOnCopy, ); }; };
		224C7B071B2EE03A00912977 /* UINavigationController+M13ProgressViewBar.m in Sources */ = {isa = PBXBuildFile; fileRef = 224C7B061B2EE03A00912977 /* UINavigationController+M13ProgressViewBar.m */; };
		224C7B0B1B2FE73100912977 /* CategoriesViewController.swift in Sources */ = {isa = PBXBuildFile; fileRef = 224C7B0A1B2FE73100912977 /* CategoriesViewController.swift */; };
		22595B681B4781510027B010 /* DetailInterfaceController.swift in Sources */ = {isa = PBXBuildFile; fileRef = 22595B671B4781510027B010 /* DetailInterfaceController.swift */; };
		22595B6A1B47A3C00027B010 /* FeedKit.swift in Sources */ = {isa = PBXBuildFile; fileRef = 22595B691B47A3C00027B010 /* FeedKit.swift */; };
		22595B6B1B47A3C00027B010 /* FeedKit.swift in Sources */ = {isa = PBXBuildFile; fileRef = 22595B691B47A3C00027B010 /* FeedKit.swift */; };
		225B487C1B3ACB3E0068E2A6 /* Fabric.framework in Frameworks */ = {isa = PBXBuildFile; fileRef = 225B487A1B3ACB3E0068E2A6 /* Fabric.framework */; };
		225B487D1B3ACB3E0068E2A6 /* Crashlytics.framework in Frameworks */ = {isa = PBXBuildFile; fileRef = 225B487B1B3ACB3E0068E2A6 /* Crashlytics.framework */; };
		22710F561B33037300AEFA62 /* StoreKit.framework in Frameworks */ = {isa = PBXBuildFile; fileRef = 22C5EFD51B32C38800C92AC6 /* StoreKit.framework */; };
		22710F581B33039100AEFA62 /* libstdc++.6.dylib in Frameworks */ = {isa = PBXBuildFile; fileRef = 22710F571B33039100AEFA62 /* libstdc++.6.dylib */; };
		227E71471B1D44DF00215577 /* AppDelegate.swift in Sources */ = {isa = PBXBuildFile; fileRef = 227E71461B1D44DF00215577 /* AppDelegate.swift */; };
		227E714C1B1D44DF00215577 /* Main.storyboard in Resources */ = {isa = PBXBuildFile; fileRef = 227E714A1B1D44DF00215577 /* Main.storyboard */; };
		227E714E1B1D44DF00215577 /* Images.xcassets in Resources */ = {isa = PBXBuildFile; fileRef = 227E714D1B1D44DF00215577 /* Images.xcassets */; };
		227E715D1B1D44DF00215577 /* AnnouncerTests.swift in Sources */ = {isa = PBXBuildFile; fileRef = 227E715C1B1D44DF00215577 /* AnnouncerTests.swift */; };
		227E71731B1D4BEA00215577 /* Bolts.framework in Frameworks */ = {isa = PBXBuildFile; fileRef = 227E71711B1D4BEA00215577 /* Bolts.framework */; };
		227E71741B1D4BEA00215577 /* Parse.framework in Frameworks */ = {isa = PBXBuildFile; fileRef = 227E71721B1D4BEA00215577 /* Parse.framework */; };
		227E71761B1D4C0500215577 /* AudioToolbox.framework in Frameworks */ = {isa = PBXBuildFile; fileRef = 227E71751B1D4C0500215577 /* AudioToolbox.framework */; };
		227E71781B1D4C0C00215577 /* CFNetwork.framework in Frameworks */ = {isa = PBXBuildFile; fileRef = 227E71771B1D4C0C00215577 /* CFNetwork.framework */; };
		227E717A1B1D4C2000215577 /* CoreGraphics.framework in Frameworks */ = {isa = PBXBuildFile; fileRef = 227E71791B1D4C2000215577 /* CoreGraphics.framework */; };
		227E717C1B1D4C2700215577 /* CoreLocation.framework in Frameworks */ = {isa = PBXBuildFile; fileRef = 227E717B1B1D4C2700215577 /* CoreLocation.framework */; };
		227E717E1B1D4C2D00215577 /* MobileCoreServices.framework in Frameworks */ = {isa = PBXBuildFile; fileRef = 227E717D1B1D4C2D00215577 /* MobileCoreServices.framework */; };
		227E71801B1D4C3200215577 /* QuartzCore.framework in Frameworks */ = {isa = PBXBuildFile; fileRef = 227E717F1B1D4C3200215577 /* QuartzCore.framework */; };
		227E71821B1D4C3700215577 /* Security.framework in Frameworks */ = {isa = PBXBuildFile; fileRef = 227E71811B1D4C3700215577 /* Security.framework */; };
		227E71861B1D4C4500215577 /* SystemConfiguration.framework in Frameworks */ = {isa = PBXBuildFile; fileRef = 227E71851B1D4C4500215577 /* SystemConfiguration.framework */; };
		227E71881B1D4C4C00215577 /* libz.dylib in Frameworks */ = {isa = PBXBuildFile; fileRef = 227E71871B1D4C4B00215577 /* libz.dylib */; };
		227E718A1B1D4C5400215577 /* libsqlite3.dylib in Frameworks */ = {isa = PBXBuildFile; fileRef = 227E71891B1D4C5400215577 /* libsqlite3.dylib */; };
		227E71901B1D4F1C00215577 /* MasterViewController.swift in Sources */ = {isa = PBXBuildFile; fileRef = 227E718F1B1D4F1C00215577 /* MasterViewController.swift */; };
		227E71AB1B1D50AD00215577 /* libDTCoreText.a in Frameworks */ = {isa = PBXBuildFile; fileRef = 227E71A21B1D504700215577 /* libDTCoreText.a */; };
		227E71AD1B1D514900215577 /* Accounts.framework in Frameworks */ = {isa = PBXBuildFile; fileRef = 227E71AC1B1D514900215577 /* Accounts.framework */; };
		227E71AF1B1D514E00215577 /* Social.framework in Frameworks */ = {isa = PBXBuildFile; fileRef = 227E71AE1B1D514E00215577 /* Social.framework */; };
		227E71B11B1D527600215577 /* libxml2.dylib in Frameworks */ = {isa = PBXBuildFile; fileRef = 227E71B01B1D527500215577 /* libxml2.dylib */; };
		227E71B31B1D527D00215577 /* ImageIO.framework in Frameworks */ = {isa = PBXBuildFile; fileRef = 227E71B21B1D527C00215577 /* ImageIO.framework */; };
		227E71D01B1D726E00215577 /* GlobalSingleton.swift in Sources */ = {isa = PBXBuildFile; fileRef = 227E71CF1B1D726E00215577 /* GlobalSingleton.swift */; };
		22C4F1CD1B201F1000468987 /* WebViewController.swift in Sources */ = {isa = PBXBuildFile; fileRef = 22C4F1CC1B201F1000468987 /* WebViewController.swift */; };
		22C4F1D21B201FC000468987 /* TUSafariActivity.bundle in Resources */ = {isa = PBXBuildFile; fileRef = 22C4F1CF1B201FC000468987 /* TUSafariActivity.bundle */; };
		22C4F1D31B201FC000468987 /* TUSafariActivity.m in Sources */ = {isa = PBXBuildFile; fileRef = 22C4F1D11B201FC000468987 /* TUSafariActivity.m */; };
		22C4F1DE1B2024A600468987 /* SwiftWebViewProgress.swift in Sources */ = {isa = PBXBuildFile; fileRef = 22C4F1DC1B2024A600468987 /* SwiftWebViewProgress.swift */; };
		22C4F1DF1B2024A600468987 /* SwiftWebViewProgressView.swift in Sources */ = {isa = PBXBuildFile; fileRef = 22C4F1DD1B2024A600468987 /* SwiftWebViewProgressView.swift */; };
		22C4F1E11B20C8AF00468987 /* SIMUXCRParser.swift in Sources */ = {isa = PBXBuildFile; fileRef = 22C4F1E01B20C8AF00468987 /* SIMUXCRParser.swift */; };
		22C5EFDB1B32E1E800C92AC6 /* ProgressHUD.bundle in Resources */ = {isa = PBXBuildFile; fileRef = 22C5EFD81B32E1E800C92AC6 /* ProgressHUD.bundle */; };
		22C5EFDC1B32E1E800C92AC6 /* ProgressHUD.m in Sources */ = {isa = PBXBuildFile; fileRef = 22C5EFDA1B32E1E800C92AC6 /* ProgressHUD.m */; };
		22C900111B46DAFA0098C27E /* FeedRow.swift in Sources */ = {isa = PBXBuildFile; fileRef = 22C900101B46DAFA0098C27E /* FeedRow.swift */; };
		22FD3B7E1B27268000F87089 /* Settings.bundle in Resources */ = {isa = PBXBuildFile; fileRef = 22FD3B7D1B27268000F87089 /* Settings.bundle */; };
		22FD3B801B27293000F87089 /* InAppBrowserViewController.swift in Sources */ = {isa = PBXBuildFile; fileRef = 22FD3B7F1B27293000F87089 /* InAppBrowserViewController.swift */; };
/* End PBXBuildFile section */

/* Begin PBXContainerItemProxy section */
		2244289A1B46C3550050CF2B /* PBXContainerItemProxy */ = {
			isa = PBXContainerItemProxy;
			containerPortal = 227E71391B1D44DF00215577 /* Project object */;
			proxyType = 1;
			remoteGlobalIDString = 224428971B46C3550050CF2B;
			remoteInfo = "Announcer WatchKit App";
		};
		224428A41B46C3550050CF2B /* PBXContainerItemProxy */ = {
			isa = PBXContainerItemProxy;
			containerPortal = 227E71391B1D44DF00215577 /* Project object */;
			proxyType = 1;
			remoteGlobalIDString = 2244288A1B46C3550050CF2B;
			remoteInfo = "Announcer WatchKit Extension";
		};
		227E71571B1D44DF00215577 /* PBXContainerItemProxy */ = {
			isa = PBXContainerItemProxy;
			containerPortal = 227E71391B1D44DF00215577 /* Project object */;
			proxyType = 1;
			remoteGlobalIDString = 227E71401B1D44DF00215577;
			remoteInfo = "SST Announcer";
		};
		227E719F1B1D504700215577 /* PBXContainerItemProxy */ = {
			isa = PBXContainerItemProxy;
			containerPortal = 227E71911B1D504600215577 /* DTCoreText.xcodeproj */;
			proxyType = 2;
			remoteGlobalIDString = A70F119B14863198009202BF;
			remoteInfo = "Static Framework";
		};
		227E71A11B1D504700215577 /* PBXContainerItemProxy */ = {
			isa = PBXContainerItemProxy;
			containerPortal = 227E71911B1D504600215577 /* DTCoreText.xcodeproj */;
			proxyType = 2;
			remoteGlobalIDString = A70F11DE148632CD009202BF;
			remoteInfo = "Static Library";
		};
		227E71A31B1D504700215577 /* PBXContainerItemProxy */ = {
			isa = PBXContainerItemProxy;
			containerPortal = 227E71911B1D504600215577 /* DTCoreText.xcodeproj */;
			proxyType = 2;
			remoteGlobalIDString = A788CA681486456100E1AFD9;
			remoteInfo = UnitTest;
		};
		227E71A51B1D504700215577 /* PBXContainerItemProxy */ = {
			isa = PBXContainerItemProxy;
			containerPortal = 227E71911B1D504600215577 /* DTCoreText.xcodeproj */;
			proxyType = 2;
			remoteGlobalIDString = A78D9F781965B7DD00C80986;
			remoteInfo = MacUnitTest;
		};
		227E71A71B1D504700215577 /* PBXContainerItemProxy */ = {
			isa = PBXContainerItemProxy;
			containerPortal = 227E71911B1D504600215577 /* DTCoreText.xcodeproj */;
			proxyType = 2;
			remoteGlobalIDString = A7F7EFCD1573603100F5A4D0;
			remoteInfo = "Static Library (no DTFoundation)";
		};
		227E71A91B1D504700215577 /* PBXContainerItemProxy */ = {
			isa = PBXContainerItemProxy;
			containerPortal = 227E71911B1D504600215577 /* DTCoreText.xcodeproj */;
			proxyType = 2;
			remoteGlobalIDString = E2262DC61638331500BFDAD7;
			remoteInfo = "Mac Framework";
		};
/* End PBXContainerItemProxy section */

/* Begin PBXCopyFilesBuildPhase section */
		224428AD1B46C3550050CF2B /* Embed App Extensions */ = {
			isa = PBXCopyFilesBuildPhase;
			buildActionMask = 2147483647;
			dstPath = "";
			dstSubfolderSpec = 13;
			files = (
				224428A61B46C3550050CF2B /* Announcer WatchKit Extension.appex in Embed App Extensions */,
			);
			name = "Embed App Extensions";
			runOnlyForDeploymentPostprocessing = 0;
		};
/* End PBXCopyFilesBuildPhase section */

/* Begin PBXFileReference section */
		223694441B5695A2000F9626 /* CategoryViewController.swift */ = {isa = PBXFileReference; fileEncoding = 4; lastKnownFileType = sourcecode.swift; path = CategoryViewController.swift; sourceTree = "<group>"; };
		2244288B1B46C3550050CF2B /* Announcer WatchKit Extension.appex */ = {isa = PBXFileReference; explicitFileType = "wrapper.app-extension"; includeInIndex = 0; path = "Announcer WatchKit Extension.appex"; sourceTree = BUILT_PRODUCTS_DIR; };
		2244288E1B46C3550050CF2B /* Info.plist */ = {isa = PBXFileReference; lastKnownFileType = text.plist.xml; path = Info.plist; sourceTree = "<group>"; };
		2244288F1B46C3550050CF2B /* PushNotificationPayload.apns */ = {isa = PBXFileReference; lastKnownFileType = text; path = PushNotificationPayload.apns; sourceTree = "<group>"; };
		224428901B46C3550050CF2B /* InterfaceController.swift */ = {isa = PBXFileReference; lastKnownFileType = sourcecode.swift; path = InterfaceController.swift; sourceTree = "<group>"; };
		224428921B46C3550050CF2B /* NotificationController.swift */ = {isa = PBXFileReference; lastKnownFileType = sourcecode.swift; path = NotificationController.swift; sourceTree = "<group>"; };
		224428941B46C3550050CF2B /* Images.xcassets */ = {isa = PBXFileReference; lastKnownFileType = folder.assetcatalog; path = Images.xcassets; sourceTree = "<group>"; };
		224428981B46C3550050CF2B /* Announcer WatchKit App.app */ = {isa = PBXFileReference; explicitFileType = wrapper.application; includeInIndex = 0; path = "Announcer WatchKit App.app"; sourceTree = BUILT_PRODUCTS_DIR; };
		2244289E1B46C3550050CF2B /* Info.plist */ = {isa = PBXFileReference; lastKnownFileType = text.plist.xml; path = Info.plist; sourceTree = "<group>"; };
		224428A01B46C3550050CF2B /* Base */ = {isa = PBXFileReference; lastKnownFileType = file.storyboard; name = Base; path = Base.lproj/Interface.storyboard; sourceTree = "<group>"; };
		224428A21B46C3550050CF2B /* Images.xcassets */ = {isa = PBXFileReference; lastKnownFileType = folder.assetcatalog; path = Images.xcassets; sourceTree = "<group>"; };
		224C7B051B2EE03A00912977 /* UINavigationController+M13ProgressViewBar.h */ = {isa = PBXFileReference; fileEncoding = 4; lastKnownFileType = sourcecode.c.h; path = "UINavigationController+M13ProgressViewBar.h"; sourceTree = "<group>"; };
		224C7B061B2EE03A00912977 /* UINavigationController+M13ProgressViewBar.m */ = {isa = PBXFileReference; fileEncoding = 4; lastKnownFileType = sourcecode.c.objc; path = "UINavigationController+M13ProgressViewBar.m"; sourceTree = "<group>"; };
		224C7B0A1B2FE73100912977 /* CategoriesViewController.swift */ = {isa = PBXFileReference; fileEncoding = 4; lastKnownFileType = sourcecode.swift; path = CategoriesViewController.swift; sourceTree = "<group>"; };
		22595B671B4781510027B010 /* DetailInterfaceController.swift */ = {isa = PBXFileReference; fileEncoding = 4; lastKnownFileType = sourcecode.swift; path = DetailInterfaceController.swift; sourceTree = "<group>"; };
		22595B691B47A3C00027B010 /* FeedKit.swift */ = {isa = PBXFileReference; fileEncoding = 4; lastKnownFileType = sourcecode.swift; path = FeedKit.swift; sourceTree = "<group>"; };
		225B487A1B3ACB3E0068E2A6 /* Fabric.framework */ = {isa = PBXFileReference; lastKnownFileType = wrapper.framework; path = Fabric.framework; sourceTree = SOURCE_ROOT; };
		225B487B1B3ACB3E0068E2A6 /* Crashlytics.framework */ = {isa = PBXFileReference; lastKnownFileType = wrapper.framework; path = Crashlytics.framework; sourceTree = SOURCE_ROOT; };
		22710F571B33039100AEFA62 /* libstdc++.6.dylib */ = {isa = PBXFileReference; lastKnownFileType = "compiled.mach-o.dylib"; name = "libstdc++.6.dylib"; path = "usr/lib/libstdc++.6.dylib"; sourceTree = SDKROOT; };
		227E71411B1D44DF00215577 /* Announcer.app */ = {isa = PBXFileReference; explicitFileType = wrapper.application; includeInIndex = 0; path = Announcer.app; sourceTree = BUILT_PRODUCTS_DIR; };
		227E71451B1D44DF00215577 /* Info.plist */ = {isa = PBXFileReference; explicitFileType = text.plist.info; path = Info.plist; sourceTree = "<group>"; };
		227E71461B1D44DF00215577 /* AppDelegate.swift */ = {isa = PBXFileReference; lastKnownFileType = sourcecode.swift; path = AppDelegate.swift; sourceTree = "<group>"; };
		227E714B1B1D44DF00215577 /* Base */ = {isa = PBXFileReference; lastKnownFileType = file.storyboard; name = Base; path = Base.lproj/Main.storyboard; sourceTree = "<group>"; };
		227E714D1B1D44DF00215577 /* Images.xcassets */ = {isa = PBXFileReference; lastKnownFileType = folder.assetcatalog; path = Images.xcassets; sourceTree = "<group>"; };
		227E71561B1D44DF00215577 /* AnnouncerTests.xctest */ = {isa = PBXFileReference; explicitFileType = wrapper.cfbundle; includeInIndex = 0; path = AnnouncerTests.xctest; sourceTree = BUILT_PRODUCTS_DIR; };
		227E715B1B1D44DF00215577 /* Info.plist */ = {isa = PBXFileReference; lastKnownFileType = text.plist.xml; path = Info.plist; sourceTree = "<group>"; };
		227E715C1B1D44DF00215577 /* AnnouncerTests.swift */ = {isa = PBXFileReference; lastKnownFileType = sourcecode.swift; path = AnnouncerTests.swift; sourceTree = "<group>"; };
		227E71711B1D4BEA00215577 /* Bolts.framework */ = {isa = PBXFileReference; lastKnownFileType = wrapper.framework; path = Bolts.framework; sourceTree = "<group>"; };
		227E71721B1D4BEA00215577 /* Parse.framework */ = {isa = PBXFileReference; lastKnownFileType = wrapper.framework; path = Parse.framework; sourceTree = "<group>"; };
		227E71751B1D4C0500215577 /* AudioToolbox.framework */ = {isa = PBXFileReference; lastKnownFileType = wrapper.framework; name = AudioToolbox.framework; path = System/Library/Frameworks/AudioToolbox.framework; sourceTree = SDKROOT; };
		227E71771B1D4C0C00215577 /* CFNetwork.framework */ = {isa = PBXFileReference; lastKnownFileType = wrapper.framework; name = CFNetwork.framework; path = System/Library/Frameworks/CFNetwork.framework; sourceTree = SDKROOT; };
		227E71791B1D4C2000215577 /* CoreGraphics.framework */ = {isa = PBXFileReference; lastKnownFileType = wrapper.framework; name = CoreGraphics.framework; path = System/Library/Frameworks/CoreGraphics.framework; sourceTree = SDKROOT; };
		227E717B1B1D4C2700215577 /* CoreLocation.framework */ = {isa = PBXFileReference; lastKnownFileType = wrapper.framework; name = CoreLocation.framework; path = System/Library/Frameworks/CoreLocation.framework; sourceTree = SDKROOT; };
		227E717D1B1D4C2D00215577 /* MobileCoreServices.framework */ = {isa = PBXFileReference; lastKnownFileType = wrapper.framework; name = MobileCoreServices.framework; path = System/Library/Frameworks/MobileCoreServices.framework; sourceTree = SDKROOT; };
		227E717F1B1D4C3200215577 /* QuartzCore.framework */ = {isa = PBXFileReference; lastKnownFileType = wrapper.framework; name = QuartzCore.framework; path = System/Library/Frameworks/QuartzCore.framework; sourceTree = SDKROOT; };
		227E71811B1D4C3700215577 /* Security.framework */ = {isa = PBXFileReference; lastKnownFileType = wrapper.framework; name = Security.framework; path = System/Library/Frameworks/Security.framework; sourceTree = SDKROOT; };
		227E71851B1D4C4500215577 /* SystemConfiguration.framework */ = {isa = PBXFileReference; lastKnownFileType = wrapper.framework; name = SystemConfiguration.framework; path = System/Library/Frameworks/SystemConfiguration.framework; sourceTree = SDKROOT; };
		227E71871B1D4C4B00215577 /* libz.dylib */ = {isa = PBXFileReference; lastKnownFileType = "compiled.mach-o.dylib"; name = libz.dylib; path = usr/lib/libz.dylib; sourceTree = SDKROOT; };
		227E71891B1D4C5400215577 /* libsqlite3.dylib */ = {isa = PBXFileReference; lastKnownFileType = "compiled.mach-o.dylib"; name = libsqlite3.dylib; path = usr/lib/libsqlite3.dylib; sourceTree = SDKROOT; };
		227E718F1B1D4F1C00215577 /* MasterViewController.swift */ = {isa = PBXFileReference; fileEncoding = 4; lastKnownFileType = sourcecode.swift; path = MasterViewController.swift; sourceTree = "<group>"; };
		227E71911B1D504600215577 /* DTCoreText.xcodeproj */ = {isa = PBXFileReference; lastKnownFileType = "wrapper.pb-project"; name = DTCoreText.xcodeproj; path = DTCoreText/DTCoreText.xcodeproj; sourceTree = "<group>"; };
		227E71AC1B1D514900215577 /* Accounts.framework */ = {isa = PBXFileReference; lastKnownFileType = wrapper.framework; name = Accounts.framework; path = System/Library/Frameworks/Accounts.framework; sourceTree = SDKROOT; };
		227E71AE1B1D514E00215577 /* Social.framework */ = {isa = PBXFileReference; lastKnownFileType = wrapper.framework; name = Social.framework; path = System/Library/Frameworks/Social.framework; sourceTree = SDKROOT; };
		227E71B01B1D527500215577 /* libxml2.dylib */ = {isa = PBXFileReference; lastKnownFileType = "compiled.mach-o.dylib"; name = libxml2.dylib; path = usr/lib/libxml2.dylib; sourceTree = SDKROOT; };
		227E71B21B1D527C00215577 /* ImageIO.framework */ = {isa = PBXFileReference; lastKnownFileType = wrapper.framework; name = ImageIO.framework; path = System/Library/Frameworks/ImageIO.framework; sourceTree = SDKROOT; };
		227E71CF1B1D726E00215577 /* GlobalSingleton.swift */ = {isa = PBXFileReference; fileEncoding = 4; lastKnownFileType = sourcecode.swift; path = GlobalSingleton.swift; sourceTree = "<group>"; };
		22C4F1CB1B1EAC2B00468987 /* Announcer-Bridging-Header.h */ = {isa = PBXFileReference; fileEncoding = 4; lastKnownFileType = sourcecode.c.h; path = "Announcer-Bridging-Header.h"; sourceTree = "<group>"; };
		22C4F1CC1B201F1000468987 /* WebViewController.swift */ = {isa = PBXFileReference; fileEncoding = 4; lastKnownFileType = sourcecode.swift; path = WebViewController.swift; sourceTree = "<group>"; };
		22C4F1CF1B201FC000468987 /* TUSafariActivity.bundle */ = {isa = PBXFileReference; lastKnownFileType = "wrapper.plug-in"; path = TUSafariActivity.bundle; sourceTree = "<group>"; };
		22C4F1D01B201FC000468987 /* TUSafariActivity.h */ = {isa = PBXFileReference; fileEncoding = 4; lastKnownFileType = sourcecode.c.h; path = TUSafariActivity.h; sourceTree = "<group>"; };
		22C4F1D11B201FC000468987 /* TUSafariActivity.m */ = {isa = PBXFileReference; fileEncoding = 4; lastKnownFileType = sourcecode.c.objc; path = TUSafariActivity.m; sourceTree = "<group>"; };
		22C4F1DC1B2024A600468987 /* SwiftWebViewProgress.swift */ = {isa = PBXFileReference; fileEncoding = 4; lastKnownFileType = sourcecode.swift; path = SwiftWebViewProgress.swift; sourceTree = "<group>"; };
		22C4F1DD1B2024A600468987 /* SwiftWebViewProgressView.swift */ = {isa = PBXFileReference; fileEncoding = 4; lastKnownFileType = sourcecode.swift; path = SwiftWebViewProgressView.swift; sourceTree = "<group>"; };
		22C4F1E01B20C8AF00468987 /* SIMUXCRParser.swift */ = {isa = PBXFileReference; fileEncoding = 4; lastKnownFileType = sourcecode.swift; path = SIMUXCRParser.swift; sourceTree = "<group>"; };
		22C5EFD51B32C38800C92AC6 /* StoreKit.framework */ = {isa = PBXFileReference; lastKnownFileType = wrapper.framework; name = StoreKit.framework; path = System/Library/Frameworks/StoreKit.framework; sourceTree = SDKROOT; };
		22C5EFD81B32E1E800C92AC6 /* ProgressHUD.bundle */ = {isa = PBXFileReference; lastKnownFileType = "wrapper.plug-in"; path = ProgressHUD.bundle; sourceTree = "<group>"; };
		22C5EFD91B32E1E800C92AC6 /* ProgressHUD.h */ = {isa = PBXFileReference; fileEncoding = 4; lastKnownFileType = sourcecode.c.h; path = ProgressHUD.h; sourceTree = "<group>"; };
		22C5EFDA1B32E1E800C92AC6 /* ProgressHUD.m */ = {isa = PBXFileReference; fileEncoding = 4; lastKnownFileType = sourcecode.c.objc; path = ProgressHUD.m; sourceTree = "<group>"; };
		22C900101B46DAFA0098C27E /* FeedRow.swift */ = {isa = PBXFileReference; fileEncoding = 4; lastKnownFileType = sourcecode.swift; path = FeedRow.swift; sourceTree = "<group>"; };
		22C900121B46DF540098C27E /* Announcer.entitlements */ = {isa = PBXFileReference; lastKnownFileType = text.xml; name = Announcer.entitlements; path = ../Announcer.entitlements; sourceTree = "<group>"; };
		22C900131B46E14D0098C27E /* Announcer WatchKit Extension.entitlements */ = {isa = PBXFileReference; lastKnownFileType = text.xml; path = "Announcer WatchKit Extension.entitlements"; sourceTree = "<group>"; };
		22FD3B5D1B27178200F87089 /* README.md */ = {isa = PBXFileReference; fileEncoding = 4; lastKnownFileType = net.daringfireball.markdown; name = README.md; path = "SST Announcer.xcodeproj/../README.md"; sourceTree = "<group>"; };
		22FD3B671B27179A00F87089 /* LICENSE */ = {isa = PBXFileReference; lastKnownFileType = text; path = LICENSE; sourceTree = "<group>"; };
		22FD3B7D1B27268000F87089 /* Settings.bundle */ = {isa = PBXFileReference; lastKnownFileType = "wrapper.plug-in"; path = Settings.bundle; sourceTree = "<group>"; };
		22FD3B7F1B27293000F87089 /* InAppBrowserViewController.swift */ = {isa = PBXFileReference; fileEncoding = 4; lastKnownFileType = sourcecode.swift; path = InAppBrowserViewController.swift; sourceTree = "<group>"; };
/* End PBXFileReference section */

/* Begin PBXFrameworksBuildPhase section */
		224428881B46C3550050CF2B /* Frameworks */ = {
			isa = PBXFrameworksBuildPhase;
			buildActionMask = 2147483647;
			files = (
			);
			runOnlyForDeploymentPostprocessing = 0;
		};
		227E713E1B1D44DF00215577 /* Frameworks */ = {
			isa = PBXFrameworksBuildPhase;
			buildActionMask = 2147483647;
			files = (
				22710F581B33039100AEFA62 /* libstdc++.6.dylib in Frameworks */,
				22710F561B33037300AEFA62 /* StoreKit.framework in Frameworks */,
				227E71B31B1D527D00215577 /* ImageIO.framework in Frameworks */,
				227E71B11B1D527600215577 /* libxml2.dylib in Frameworks */,
				227E71AF1B1D514E00215577 /* Social.framework in Frameworks */,
				227E71AD1B1D514900215577 /* Accounts.framework in Frameworks */,
				227E71AB1B1D50AD00215577 /* libDTCoreText.a in Frameworks */,
				227E718A1B1D4C5400215577 /* libsqlite3.dylib in Frameworks */,
				227E71881B1D4C4C00215577 /* libz.dylib in Frameworks */,
				227E71861B1D4C4500215577 /* SystemConfiguration.framework in Frameworks */,
				227E71821B1D4C3700215577 /* Security.framework in Frameworks */,
				225B487C1B3ACB3E0068E2A6 /* Fabric.framework in Frameworks */,
				227E71801B1D4C3200215577 /* QuartzCore.framework in Frameworks */,
				225B487D1B3ACB3E0068E2A6 /* Crashlytics.framework in Frameworks */,
				227E717E1B1D4C2D00215577 /* MobileCoreServices.framework in Frameworks */,
				227E717C1B1D4C2700215577 /* CoreLocation.framework in Frameworks */,
				227E717A1B1D4C2000215577 /* CoreGraphics.framework in Frameworks */,
				227E71781B1D4C0C00215577 /* CFNetwork.framework in Frameworks */,
				227E71761B1D4C0500215577 /* AudioToolbox.framework in Frameworks */,
				227E71741B1D4BEA00215577 /* Parse.framework in Frameworks */,
				227E71731B1D4BEA00215577 /* Bolts.framework in Frameworks */,
			);
			runOnlyForDeploymentPostprocessing = 0;
		};
		227E71531B1D44DF00215577 /* Frameworks */ = {
			isa = PBXFrameworksBuildPhase;
			buildActionMask = 2147483647;
			files = (
			);
			runOnlyForDeploymentPostprocessing = 0;
		};
/* End PBXFrameworksBuildPhase section */

/* Begin PBXGroup section */
		2244287F1B46C2350050CF2B /* Frameworks */ = {
			isa = PBXGroup;
			children = (
				227E71B01B1D527500215577 /* libxml2.dylib */,
				227E71891B1D4C5400215577 /* libsqlite3.dylib */,
				227E71871B1D4C4B00215577 /* libz.dylib */,
				22710F571B33039100AEFA62 /* libstdc++.6.dylib */,
				22C5EFD51B32C38800C92AC6 /* StoreKit.framework */,
				227E71B21B1D527C00215577 /* ImageIO.framework */,
				227E71AE1B1D514E00215577 /* Social.framework */,
				227E71AC1B1D514900215577 /* Accounts.framework */,
				227E71851B1D4C4500215577 /* SystemConfiguration.framework */,
				227E71811B1D4C3700215577 /* Security.framework */,
				227E717F1B1D4C3200215577 /* QuartzCore.framework */,
				227E717D1B1D4C2D00215577 /* MobileCoreServices.framework */,
				227E717B1B1D4C2700215577 /* CoreLocation.framework */,
				227E71791B1D4C2000215577 /* CoreGraphics.framework */,
				227E71771B1D4C0C00215577 /* CFNetwork.framework */,
				227E71751B1D4C0500215577 /* AudioToolbox.framework */,
			);
			name = Frameworks;
			sourceTree = "<group>";
		};
		2244288C1B46C3550050CF2B /* Announcer WatchKit Extension */ = {
			isa = PBXGroup;
			children = (
				224428901B46C3550050CF2B /* InterfaceController.swift */,
				22595B671B4781510027B010 /* DetailInterfaceController.swift */,
				224428921B46C3550050CF2B /* NotificationController.swift */,
				22C900101B46DAFA0098C27E /* FeedRow.swift */,
				224428941B46C3550050CF2B /* Images.xcassets */,
				2244288D1B46C3550050CF2B /* Supporting Files */,
			);
			path = "Announcer WatchKit Extension";
			sourceTree = "<group>";
		};
		2244288D1B46C3550050CF2B /* Supporting Files */ = {
			isa = PBXGroup;
			children = (
				2244288E1B46C3550050CF2B /* Info.plist */,
				22C900131B46E14D0098C27E /* Announcer WatchKit Extension.entitlements */,
				2244288F1B46C3550050CF2B /* PushNotificationPayload.apns */,
			);
			name = "Supporting Files";
			sourceTree = "<group>";
		};
		2244289C1B46C3550050CF2B /* Announcer WatchKit App */ = {
			isa = PBXGroup;
			children = (
				2244289F1B46C3550050CF2B /* Interface.storyboard */,
				224428A21B46C3550050CF2B /* Images.xcassets */,
				2244289D1B46C3550050CF2B /* Supporting Files */,
			);
			path = "Announcer WatchKit App";
			sourceTree = "<group>";
		};
		2244289D1B46C3550050CF2B /* Supporting Files */ = {
			isa = PBXGroup;
			children = (
				2244289E1B46C3550050CF2B /* Info.plist */,
			);
			name = "Supporting Files";
			sourceTree = "<group>";
		};
		224C7B041B2EE03A00912977 /* M13ProgressSuite */ = {
			isa = PBXGroup;
			children = (
				224C7B051B2EE03A00912977 /* UINavigationController+M13ProgressViewBar.h */,
				224C7B061B2EE03A00912977 /* UINavigationController+M13ProgressViewBar.m */,
			);
			path = M13ProgressSuite;
			sourceTree = "<group>";
		};
		227E71381B1D44DF00215577 = {
			isa = PBXGroup;
			children = (
				22595B691B47A3C00027B010 /* FeedKit.swift */,
				22FD3B5D1B27178200F87089 /* README.md */,
				22FD3B671B27179A00F87089 /* LICENSE */,
				227E71431B1D44DF00215577 /* SST Announcer */,
				227E71591B1D44DF00215577 /* SST AnnouncerTests */,
				2244288C1B46C3550050CF2B /* Announcer WatchKit Extension */,
				2244289C1B46C3550050CF2B /* Announcer WatchKit App */,
				2244287F1B46C2350050CF2B /* Frameworks */,
				227E71421B1D44DF00215577 /* Products */,
			);
			sourceTree = "<group>";
		};
		227E71421B1D44DF00215577 /* Products */ = {
			isa = PBXGroup;
			children = (
				227E71411B1D44DF00215577 /* Announcer.app */,
				227E71561B1D44DF00215577 /* AnnouncerTests.xctest */,
				2244288B1B46C3550050CF2B /* Announcer WatchKit Extension.appex */,
				224428981B46C3550050CF2B /* Announcer WatchKit App.app */,
			);
			name = Products;
			sourceTree = "<group>";
		};
		227E71431B1D44DF00215577 /* SST Announcer */ = {
			isa = PBXGroup;
			children = (
				227E71461B1D44DF00215577 /* AppDelegate.swift */,
				227E718F1B1D4F1C00215577 /* MasterViewController.swift */,
				224C7B0A1B2FE73100912977 /* CategoriesViewController.swift */,
				223694441B5695A2000F9626 /* CategoryViewController.swift */,
				22C4F1CC1B201F1000468987 /* WebViewController.swift */,
				22FD3B7F1B27293000F87089 /* InAppBrowserViewController.swift */,
				227E71CF1B1D726E00215577 /* GlobalSingleton.swift */,
				22C4F1E01B20C8AF00468987 /* SIMUXCRParser.swift */,
				22C4F1CB1B1EAC2B00468987 /* Announcer-Bridging-Header.h */,
				227E714A1B1D44DF00215577 /* Main.storyboard */,
				227E714D1B1D44DF00215577 /* Images.xcassets */,
				227E71441B1D44DF00215577 /* Supporting Files */,
			);
			path = "SST Announcer";
			sourceTree = "<group>";
		};
		227E71441B1D44DF00215577 /* Supporting Files */ = {
			isa = PBXGroup;
			children = (
				227E71661B1D4B1600215577 /* Externals */,
				227E71451B1D44DF00215577 /* Info.plist */,
				22C900121B46DF540098C27E /* Announcer.entitlements */,
				22FD3B7D1B27268000F87089 /* Settings.bundle */,
			);
			name = "Supporting Files";
			sourceTree = "<group>";
		};
		227E71591B1D44DF00215577 /* SST AnnouncerTests */ = {
			isa = PBXGroup;
			children = (
				227E715C1B1D44DF00215577 /* AnnouncerTests.swift */,
				227E715A1B1D44DF00215577 /* Supporting Files */,
			);
			path = "SST AnnouncerTests";
			sourceTree = "<group>";
		};
		227E715A1B1D44DF00215577 /* Supporting Files */ = {
			isa = PBXGroup;
			children = (
				227E715B1B1D44DF00215577 /* Info.plist */,
			);
			name = "Supporting Files";
			sourceTree = "<group>";
		};
		227E71661B1D4B1600215577 /* Externals */ = {
			isa = PBXGroup;
			children = (
				225B487A1B3ACB3E0068E2A6 /* Fabric.framework */,
				225B487B1B3ACB3E0068E2A6 /* Crashlytics.framework */,
				227E71721B1D4BEA00215577 /* Parse.framework */,
				227E71711B1D4BEA00215577 /* Bolts.framework */,
				22C5EFD71B32E1E800C92AC6 /* ProgressHUD */,
				224C7B041B2EE03A00912977 /* M13ProgressSuite */,
				22C4F1DB1B2024A600468987 /* SwiftWebViewProgress */,
				22C4F1CE1B201FC000468987 /* TUSafariActivity */,
				227E71911B1D504600215577 /* DTCoreText.xcodeproj */,
			);
			path = Externals;
			sourceTree = SOURCE_ROOT;
		};
		227E71921B1D504600215577 /* Products */ = {
			isa = PBXGroup;
			children = (
				227E71A01B1D504700215577 /* DTCoreText.framework */,
				227E71A21B1D504700215577 /* libDTCoreText.a */,
				227E71A41B1D504700215577 /* UnitTest.xctest */,
				227E71A61B1D504700215577 /* MacUnitTest.xctest */,
				227E71A81B1D504700215577 /* libDTCoreText_no_DTFoundation.a */,
				227E71AA1B1D504700215577 /* DTCoreText.framework */,
			);
			name = Products;
			sourceTree = "<group>";
		};
		22C4F1CE1B201FC000468987 /* TUSafariActivity */ = {
			isa = PBXGroup;
			children = (
				22C4F1CF1B201FC000468987 /* TUSafariActivity.bundle */,
				22C4F1D01B201FC000468987 /* TUSafariActivity.h */,
				22C4F1D11B201FC000468987 /* TUSafariActivity.m */,
			);
			path = TUSafariActivity;
			sourceTree = "<group>";
		};
		22C4F1DB1B2024A600468987 /* SwiftWebViewProgress */ = {
			isa = PBXGroup;
			children = (
				22C4F1DC1B2024A600468987 /* SwiftWebViewProgress.swift */,
				22C4F1DD1B2024A600468987 /* SwiftWebViewProgressView.swift */,
			);
			path = SwiftWebViewProgress;
			sourceTree = "<group>";
		};
		22C5EFD71B32E1E800C92AC6 /* ProgressHUD */ = {
			isa = PBXGroup;
			children = (
				22C5EFD81B32E1E800C92AC6 /* ProgressHUD.bundle */,
				22C5EFD91B32E1E800C92AC6 /* ProgressHUD.h */,
				22C5EFDA1B32E1E800C92AC6 /* ProgressHUD.m */,
			);
			path = ProgressHUD;
			sourceTree = "<group>";
		};
/* End PBXGroup section */

/* Begin PBXNativeTarget section */
		2244288A1B46C3550050CF2B /* Announcer WatchKit Extension */ = {
			isa = PBXNativeTarget;
			buildConfigurationList = 224428AA1B46C3550050CF2B /* Build configuration list for PBXNativeTarget "Announcer WatchKit Extension" */;
			buildPhases = (
				224428871B46C3550050CF2B /* Sources */,
				224428881B46C3550050CF2B /* Frameworks */,
				224428891B46C3550050CF2B /* Resources */,
			);
			buildRules = (
			);
			dependencies = (
				2244289B1B46C3550050CF2B /* PBXTargetDependency */,
			);
			name = "Announcer WatchKit Extension";
			productName = "Announcer WatchKit Extension";
			productReference = 2244288B1B46C3550050CF2B /* Announcer WatchKit Extension.appex */;
			productType = "com.apple.product-type.watchkit-extension";
		};
		224428971B46C3550050CF2B /* Announcer WatchKit App */ = {
			isa = PBXNativeTarget;
			buildConfigurationList = 224428A71B46C3550050CF2B /* Build configuration list for PBXNativeTarget "Announcer WatchKit App" */;
			buildPhases = (
				224428961B46C3550050CF2B /* Resources */,
			);
			buildRules = (
			);
			dependencies = (
			);
			name = "Announcer WatchKit App";
			productName = "Announcer WatchKit App";
			productReference = 224428981B46C3550050CF2B /* Announcer WatchKit App.app */;
			productType = "com.apple.product-type.application.watchapp";
		};
		227E71401B1D44DF00215577 /* Announcer */ = {
			isa = PBXNativeTarget;
			buildConfigurationList = 227E71601B1D44DF00215577 /* Build configuration list for PBXNativeTarget "Announcer" */;
			buildPhases = (
				227E713D1B1D44DF00215577 /* Sources */,
				227E713E1B1D44DF00215577 /* Frameworks */,
				227E713F1B1D44DF00215577 /* Resources */,
				225B48791B3ACB200068E2A6 /* Fabric Framework */,
				225B487E1B3B8F060068E2A6 /* SwiftLint */,
				224428AD1B46C3550050CF2B /* Embed App Extensions */,
			);
			buildRules = (
			);
			dependencies = (
				224428A51B46C3550050CF2B /* PBXTargetDependency */,
			);
			name = Announcer;
			productName = "SST Announcer";
			productReference = 227E71411B1D44DF00215577 /* Announcer.app */;
			productType = "com.apple.product-type.application";
		};
		227E71551B1D44DF00215577 /* AnnouncerTests */ = {
			isa = PBXNativeTarget;
			buildConfigurationList = 227E71631B1D44DF00215577 /* Build configuration list for PBXNativeTarget "AnnouncerTests" */;
			buildPhases = (
				227E71521B1D44DF00215577 /* Sources */,
				227E71531B1D44DF00215577 /* Frameworks */,
				227E71541B1D44DF00215577 /* Resources */,
			);
			buildRules = (
			);
			dependencies = (
				227E71581B1D44DF00215577 /* PBXTargetDependency */,
			);
			name = AnnouncerTests;
			productName = "SST AnnouncerTests";
			productReference = 227E71561B1D44DF00215577 /* AnnouncerTests.xctest */;
			productType = "com.apple.product-type.bundle.unit-test";
		};
/* End PBXNativeTarget section */

/* Begin PBXProject section */
		227E71391B1D44DF00215577 /* Project object */ = {
			isa = PBXProject;
			attributes = {
				LastUpgradeCheck = 0630;
				ORGANIZATIONNAME = "StatiX Industries";
				TargetAttributes = {
					2244288A1B46C3550050CF2B = {
						CreatedOnToolsVersion = 6.4;
						DevelopmentTeam = 7K6ZTDFM48;
						SystemCapabilities = {
							com.apple.ApplicationGroups.iOS = {
								enabled = 1;
							};
						};
					};
					224428971B46C3550050CF2B = {
						CreatedOnToolsVersion = 6.4;
						DevelopmentTeam = 7K6ZTDFM48;
					};
					227E71401B1D44DF00215577 = {
						CreatedOnToolsVersion = 6.3.2;
						DevelopmentTeam = 7K6ZTDFM48;
						SystemCapabilities = {
							com.apple.ApplicationGroups.iOS = {
								enabled = 1;
							};
							com.apple.BackgroundModes = {
								enabled = 1;
							};
							com.apple.InAppPurchase = {
								enabled = 0;
							};
						};
					};
					227E71551B1D44DF00215577 = {
						CreatedOnToolsVersion = 6.3.2;
						TestTargetID = 227E71401B1D44DF00215577;
					};
				};
			};
			buildConfigurationList = 227E713C1B1D44DF00215577 /* Build configuration list for PBXProject "SST Announcer" */;
			compatibilityVersion = "Xcode 3.2";
			developmentRegion = English;
			hasScannedForEncodings = 0;
			knownRegions = (
				en,
				Base,
			);
			mainGroup = 227E71381B1D44DF00215577;
			productRefGroup = 227E71421B1D44DF00215577 /* Products */;
			projectDirPath = "";
			projectReferences = (
				{
					ProductGroup = 227E71921B1D504600215577 /* Products */;
					ProjectRef = 227E71911B1D504600215577 /* DTCoreText.xcodeproj */;
				},
			);
			projectRoot = "";
			targets = (
				227E71401B1D44DF00215577 /* Announcer */,
				227E71551B1D44DF00215577 /* AnnouncerTests */,
				2244288A1B46C3550050CF2B /* Announcer WatchKit Extension */,
				224428971B46C3550050CF2B /* Announcer WatchKit App */,
			);
		};
/* End PBXProject section */

/* Begin PBXReferenceProxy section */
		227E71A01B1D504700215577 /* DTCoreText.framework */ = {
			isa = PBXReferenceProxy;
			fileType = wrapper.cfbundle;
			path = DTCoreText.framework;
			remoteRef = 227E719F1B1D504700215577 /* PBXContainerItemProxy */;
			sourceTree = BUILT_PRODUCTS_DIR;
		};
		227E71A21B1D504700215577 /* libDTCoreText.a */ = {
			isa = PBXReferenceProxy;
			fileType = archive.ar;
			path = libDTCoreText.a;
			remoteRef = 227E71A11B1D504700215577 /* PBXContainerItemProxy */;
			sourceTree = BUILT_PRODUCTS_DIR;
		};
		227E71A41B1D504700215577 /* UnitTest.xctest */ = {
			isa = PBXReferenceProxy;
			fileType = wrapper.cfbundle;
			path = UnitTest.xctest;
			remoteRef = 227E71A31B1D504700215577 /* PBXContainerItemProxy */;
			sourceTree = BUILT_PRODUCTS_DIR;
		};
		227E71A61B1D504700215577 /* MacUnitTest.xctest */ = {
			isa = PBXReferenceProxy;
			fileType = wrapper.cfbundle;
			path = MacUnitTest.xctest;
			remoteRef = 227E71A51B1D504700215577 /* PBXContainerItemProxy */;
			sourceTree = BUILT_PRODUCTS_DIR;
		};
		227E71A81B1D504700215577 /* libDTCoreText_no_DTFoundation.a */ = {
			isa = PBXReferenceProxy;
			fileType = archive.ar;
			path = libDTCoreText_no_DTFoundation.a;
			remoteRef = 227E71A71B1D504700215577 /* PBXContainerItemProxy */;
			sourceTree = BUILT_PRODUCTS_DIR;
		};
		227E71AA1B1D504700215577 /* DTCoreText.framework */ = {
			isa = PBXReferenceProxy;
			fileType = wrapper.framework;
			path = DTCoreText.framework;
			remoteRef = 227E71A91B1D504700215577 /* PBXContainerItemProxy */;
			sourceTree = BUILT_PRODUCTS_DIR;
		};
/* End PBXReferenceProxy section */

/* Begin PBXResourcesBuildPhase section */
		224428891B46C3550050CF2B /* Resources */ = {
			isa = PBXResourcesBuildPhase;
			buildActionMask = 2147483647;
			files = (
				224428991B46C3550050CF2B /* Announcer WatchKit App.app in Resources */,
				224428951B46C3550050CF2B /* Images.xcassets in Resources */,
			);
			runOnlyForDeploymentPostprocessing = 0;
		};
		224428961B46C3550050CF2B /* Resources */ = {
			isa = PBXResourcesBuildPhase;
			buildActionMask = 2147483647;
			files = (
				224428A11B46C3550050CF2B /* Interface.storyboard in Resources */,
				224428A31B46C3550050CF2B /* Images.xcassets in Resources */,
			);
			runOnlyForDeploymentPostprocessing = 0;
		};
		227E713F1B1D44DF00215577 /* Resources */ = {
			isa = PBXResourcesBuildPhase;
			buildActionMask = 2147483647;
			files = (
				227E714C1B1D44DF00215577 /* Main.storyboard in Resources */,
				22FD3B7E1B27268000F87089 /* Settings.bundle in Resources */,
				227E714E1B1D44DF00215577 /* Images.xcassets in Resources */,
				22C5EFDB1B32E1E800C92AC6 /* ProgressHUD.bundle in Resources */,
				22C4F1D21B201FC000468987 /* TUSafariActivity.bundle in Resources */,
			);
			runOnlyForDeploymentPostprocessing = 0;
		};
		227E71541B1D44DF00215577 /* Resources */ = {
			isa = PBXResourcesBuildPhase;
			buildActionMask = 2147483647;
			files = (
			);
			runOnlyForDeploymentPostprocessing = 0;
		};
/* End PBXResourcesBuildPhase section */

/* Begin PBXShellScriptBuildPhase section */
		225B48791B3ACB200068E2A6 /* Fabric Framework */ = {
			isa = PBXShellScriptBuildPhase;
			buildActionMask = 2147483647;
			files = (
			);
			inputPaths = (
			);
			name = "Fabric Framework";
			outputPaths = (
			);
			runOnlyForDeploymentPostprocessing = 0;
			shellPath = /bin/sh;
			shellScript = "./Fabric.framework/run de3632aab97f255ce3c808218359f9b2396667b9 9e8abb417e434024604c64b60afcc591f5d3973c71d61dec4a1282232dd2f2b5";
		};
		225B487E1B3B8F060068E2A6 /* SwiftLint */ = {
			isa = PBXShellScriptBuildPhase;
			buildActionMask = 2147483647;
			files = (
			);
			inputPaths = (
			);
			name = SwiftLint;
			outputPaths = (
			);
			runOnlyForDeploymentPostprocessing = 0;
			shellPath = /bin/sh;
			shellScript = "#/usr/local/bin/swiftlint";
		};
/* End PBXShellScriptBuildPhase section */

/* Begin PBXSourcesBuildPhase section */
		224428871B46C3550050CF2B /* Sources */ = {
			isa = PBXSourcesBuildPhase;
			buildActionMask = 2147483647;
			files = (
				22C900111B46DAFA0098C27E /* FeedRow.swift in Sources */,
				224428931B46C3550050CF2B /* NotificationController.swift in Sources */,
				22595B681B4781510027B010 /* DetailInterfaceController.swift in Sources */,
				22595B6B1B47A3C00027B010 /* FeedKit.swift in Sources */,
				224428911B46C3550050CF2B /* InterfaceController.swift in Sources */,
			);
			runOnlyForDeploymentPostprocessing = 0;
		};
		227E713D1B1D44DF00215577 /* Sources */ = {
			isa = PBXSourcesBuildPhase;
			buildActionMask = 2147483647;
			files = (
				22595B6A1B47A3C00027B010 /* FeedKit.swift in Sources */,
				22C4F1DF1B2024A600468987 /* SwiftWebViewProgressView.swift in Sources */,
				223694451B5695A2000F9626 /* CategoryViewController.swift in Sources */,
				22C4F1D31B201FC000468987 /* TUSafariActivity.m in Sources */,
				227E71471B1D44DF00215577 /* AppDelegate.swift in Sources */,
				224C7B071B2EE03A00912977 /* UINavigationController+M13ProgressViewBar.m in Sources */,
				22C4F1DE1B2024A600468987 /* SwiftWebViewProgress.swift in Sources */,
				22C4F1E11B20C8AF00468987 /* SIMUXCRParser.swift in Sources */,
				22C5EFDC1B32E1E800C92AC6 /* ProgressHUD.m in Sources */,
				224C7B0B1B2FE73100912977 /* CategoriesViewController.swift in Sources */,
				227E71D01B1D726E00215577 /* GlobalSingleton.swift in Sources */,
				22FD3B801B27293000F87089 /* InAppBrowserViewController.swift in Sources */,
				227E71901B1D4F1C00215577 /* MasterViewController.swift in Sources */,
				22C4F1CD1B201F1000468987 /* WebViewController.swift in Sources */,
			);
			runOnlyForDeploymentPostprocessing = 0;
		};
		227E71521B1D44DF00215577 /* Sources */ = {
			isa = PBXSourcesBuildPhase;
			buildActionMask = 2147483647;
			files = (
				227E715D1B1D44DF00215577 /* AnnouncerTests.swift in Sources */,
			);
			runOnlyForDeploymentPostprocessing = 0;
		};
/* End PBXSourcesBuildPhase section */

/* Begin PBXTargetDependency section */
		2244289B1B46C3550050CF2B /* PBXTargetDependency */ = {
			isa = PBXTargetDependency;
			target = 224428971B46C3550050CF2B /* Announcer WatchKit App */;
			targetProxy = 2244289A1B46C3550050CF2B /* PBXContainerItemProxy */;
		};
		224428A51B46C3550050CF2B /* PBXTargetDependency */ = {
			isa = PBXTargetDependency;
			target = 2244288A1B46C3550050CF2B /* Announcer WatchKit Extension */;
			targetProxy = 224428A41B46C3550050CF2B /* PBXContainerItemProxy */;
		};
		227E71581B1D44DF00215577 /* PBXTargetDependency */ = {
			isa = PBXTargetDependency;
			target = 227E71401B1D44DF00215577 /* Announcer */;
			targetProxy = 227E71571B1D44DF00215577 /* PBXContainerItemProxy */;
		};
/* End PBXTargetDependency section */

/* Begin PBXVariantGroup section */
		2244289F1B46C3550050CF2B /* Interface.storyboard */ = {
			isa = PBXVariantGroup;
			children = (
				224428A01B46C3550050CF2B /* Base */,
			);
			name = Interface.storyboard;
			sourceTree = "<group>";
		};
		227E714A1B1D44DF00215577 /* Main.storyboard */ = {
			isa = PBXVariantGroup;
			children = (
				227E714B1B1D44DF00215577 /* Base */,
			);
			name = Main.storyboard;
			sourceTree = "<group>";
		};
/* End PBXVariantGroup section */

/* Begin XCBuildConfiguration section */
		224428A81B46C3550050CF2B /* Debug */ = {
			isa = XCBuildConfiguration;
			buildSettings = {
				ASSETCATALOG_COMPILER_APPICON_NAME = AppIcon;
				CODE_SIGN_IDENTITY = "iPhone Developer";
				"CODE_SIGN_IDENTITY[sdk=iphoneos*]" = "iPhone Developer";
				GCC_PREPROCESSOR_DEFINITIONS = (
					"DEBUG=1",
					"$(inherited)",
				);
				IBSC_MODULE = Announcer_WatchKit_Extension;
				INFOPLIST_FILE = "Announcer WatchKit App/Info.plist";
				IPHONEOS_DEPLOYMENT_TARGET = 8.2;
				PRODUCT_NAME = "$(TARGET_NAME)";
				PROVISIONING_PROFILE = "";
				SKIP_INSTALL = YES;
				TARGETED_DEVICE_FAMILY = 4;
				"TARGETED_DEVICE_FAMILY[sdk=iphonesimulator*]" = "1,4";
			};
			name = Debug;
		};
		224428A91B46C3550050CF2B /* Release */ = {
			isa = XCBuildConfiguration;
			buildSettings = {
				ASSETCATALOG_COMPILER_APPICON_NAME = AppIcon;
				CODE_SIGN_IDENTITY = "iPhone Distribution";
				"CODE_SIGN_IDENTITY[sdk=iphoneos*]" = "iPhone Distribution";
				COPY_PHASE_STRIP = NO;
				IBSC_MODULE = Announcer_WatchKit_Extension;
				INFOPLIST_FILE = "Announcer WatchKit App/Info.plist";
				IPHONEOS_DEPLOYMENT_TARGET = 8.2;
				PRODUCT_NAME = "$(TARGET_NAME)";
				PROVISIONING_PROFILE = "";
				SKIP_INSTALL = YES;
				TARGETED_DEVICE_FAMILY = 4;
				"TARGETED_DEVICE_FAMILY[sdk=iphonesimulator*]" = "1,4";
			};
			name = Release;
		};
		224428AB1B46C3550050CF2B /* Debug */ = {
			isa = XCBuildConfiguration;
			buildSettings = {
				CODE_SIGN_ENTITLEMENTS = "Announcer WatchKit Extension/Announcer WatchKit Extension.entitlements";
				CODE_SIGN_IDENTITY = "iPhone Developer";
				"CODE_SIGN_IDENTITY[sdk=iphoneos*]" = "iPhone Developer";
				FRAMEWORK_SEARCH_PATHS = (
					"$(inherited)",
					"$(PROJECT_DIR)",
				);
				GCC_PREPROCESSOR_DEFINITIONS = (
					"DEBUG=1",
					"$(inherited)",
				);
				INFOPLIST_FILE = "Announcer WatchKit Extension/Info.plist";
				IPHONEOS_DEPLOYMENT_TARGET = 8.2;
				LD_RUNPATH_SEARCH_PATHS = "$(inherited) @executable_path/Frameworks @executable_path/../../Frameworks";
				PRODUCT_NAME = "${TARGET_NAME}";
				PROVISIONING_PROFILE = "";
				SKIP_INSTALL = YES;
			};
			name = Debug;
		};
		224428AC1B46C3550050CF2B /* Release */ = {
			isa = XCBuildConfiguration;
			buildSettings = {
				CODE_SIGN_ENTITLEMENTS = "Announcer WatchKit Extension/Announcer WatchKit Extension.entitlements";
				CODE_SIGN_IDENTITY = "iPhone Distribution";
				"CODE_SIGN_IDENTITY[sdk=iphoneos*]" = "iPhone Distribution";
				COPY_PHASE_STRIP = NO;
				FRAMEWORK_SEARCH_PATHS = (
					"$(inherited)",
					"$(PROJECT_DIR)",
				);
				INFOPLIST_FILE = "Announcer WatchKit Extension/Info.plist";
				IPHONEOS_DEPLOYMENT_TARGET = 8.2;
				LD_RUNPATH_SEARCH_PATHS = "$(inherited) @executable_path/Frameworks @executable_path/../../Frameworks";
				PRODUCT_NAME = "${TARGET_NAME}";
				PROVISIONING_PROFILE = "";
				SKIP_INSTALL = YES;
			};
			name = Release;
		};
		227E715E1B1D44DF00215577 /* Debug */ = {
			isa = XCBuildConfiguration;
			buildSettings = {
				ALWAYS_SEARCH_USER_PATHS = NO;
				CLANG_CXX_LANGUAGE_STANDARD = "gnu++0x";
				CLANG_CXX_LIBRARY = "libc++";
				CLANG_ENABLE_MODULES = YES;
				CLANG_ENABLE_OBJC_ARC = YES;
				CLANG_WARN_BOOL_CONVERSION = YES;
				CLANG_WARN_CONSTANT_CONVERSION = YES;
				CLANG_WARN_DIRECT_OBJC_ISA_USAGE = YES_ERROR;
				CLANG_WARN_EMPTY_BODY = YES;
				CLANG_WARN_ENUM_CONVERSION = YES;
				CLANG_WARN_INT_CONVERSION = YES;
				CLANG_WARN_OBJC_ROOT_CLASS = YES_ERROR;
				CLANG_WARN_UNREACHABLE_CODE = YES;
				CLANG_WARN__DUPLICATE_METHOD_MATCH = YES;
				"CODE_SIGN_IDENTITY[sdk=iphoneos*]" = "iPhone Developer";
				COPY_PHASE_STRIP = NO;
				DEBUG_INFORMATION_FORMAT = "dwarf-with-dsym";
				ENABLE_STRICT_OBJC_MSGSEND = YES;
				GCC_C_LANGUAGE_STANDARD = gnu99;
				GCC_DYNAMIC_NO_PIC = NO;
				GCC_NO_COMMON_BLOCKS = YES;
				GCC_OPTIMIZATION_LEVEL = 0;
				GCC_PREPROCESSOR_DEFINITIONS = (
					"DEBUG=1",
					"$(inherited)",
				);
				GCC_SYMBOLS_PRIVATE_EXTERN = NO;
				GCC_WARN_64_TO_32_BIT_CONVERSION = YES;
				GCC_WARN_ABOUT_RETURN_TYPE = YES_ERROR;
				GCC_WARN_UNDECLARED_SELECTOR = YES;
				GCC_WARN_UNINITIALIZED_AUTOS = YES_AGGRESSIVE;
				GCC_WARN_UNUSED_FUNCTION = YES;
				GCC_WARN_UNUSED_VARIABLE = YES;
				IPHONEOS_DEPLOYMENT_TARGET = 8.4;
				MTL_ENABLE_DEBUG_INFO = YES;
				ONLY_ACTIVE_ARCH = YES;
				SDKROOT = iphoneos;
				SWIFT_OPTIMIZATION_LEVEL = "-Onone";
				TARGETED_DEVICE_FAMILY = "1,2";
			};
			name = Debug;
		};
		227E715F1B1D44DF00215577 /* Release */ = {
			isa = XCBuildConfiguration;
			buildSettings = {
				ALWAYS_SEARCH_USER_PATHS = NO;
				CLANG_CXX_LANGUAGE_STANDARD = "gnu++0x";
				CLANG_CXX_LIBRARY = "libc++";
				CLANG_ENABLE_MODULES = YES;
				CLANG_ENABLE_OBJC_ARC = YES;
				CLANG_WARN_BOOL_CONVERSION = YES;
				CLANG_WARN_CONSTANT_CONVERSION = YES;
				CLANG_WARN_DIRECT_OBJC_ISA_USAGE = YES_ERROR;
				CLANG_WARN_EMPTY_BODY = YES;
				CLANG_WARN_ENUM_CONVERSION = YES;
				CLANG_WARN_INT_CONVERSION = YES;
				CLANG_WARN_OBJC_ROOT_CLASS = YES_ERROR;
				CLANG_WARN_UNREACHABLE_CODE = YES;
				CLANG_WARN__DUPLICATE_METHOD_MATCH = YES;
				"CODE_SIGN_IDENTITY[sdk=iphoneos*]" = "iPhone Developer";
				COPY_PHASE_STRIP = NO;
				DEBUG_INFORMATION_FORMAT = "dwarf-with-dsym";
				ENABLE_NS_ASSERTIONS = NO;
				ENABLE_STRICT_OBJC_MSGSEND = YES;
				GCC_C_LANGUAGE_STANDARD = gnu99;
				GCC_NO_COMMON_BLOCKS = YES;
				GCC_WARN_64_TO_32_BIT_CONVERSION = YES;
				GCC_WARN_ABOUT_RETURN_TYPE = YES_ERROR;
				GCC_WARN_UNDECLARED_SELECTOR = YES;
				GCC_WARN_UNINITIALIZED_AUTOS = YES_AGGRESSIVE;
				GCC_WARN_UNUSED_FUNCTION = YES;
				GCC_WARN_UNUSED_VARIABLE = YES;
				IPHONEOS_DEPLOYMENT_TARGET = 8.4;
				MTL_ENABLE_DEBUG_INFO = NO;
				SDKROOT = iphoneos;
				TARGETED_DEVICE_FAMILY = "1,2";
				VALIDATE_PRODUCT = YES;
			};
			name = Release;
		};
		227E71611B1D44DF00215577 /* Debug */ = {
			isa = XCBuildConfiguration;
			buildSettings = {
				ASSETCATALOG_COMPILER_APPICON_NAME = AppIcon;
				ASSETCATALOG_COMPILER_LAUNCHIMAGE_NAME = LaunchImage;
				CODE_SIGN_ENTITLEMENTS = Announcer.entitlements;
				CODE_SIGN_IDENTITY = "iPhone Developer";
				"CODE_SIGN_IDENTITY[sdk=iphoneos*]" = "iPhone Developer";
				FRAMEWORK_SEARCH_PATHS = (
					"$(inherited)",
					"$(PROJECT_DIR)/Externals",
					"$(PROJECT_DIR)",
				);
				GCC_GENERATE_DEBUGGING_SYMBOLS = YES;
				INFOPLIST_FILE = "SST Announcer/Info.plist";
				IPHONEOS_DEPLOYMENT_TARGET = 7.1;
				LD_RUNPATH_SEARCH_PATHS = "$(inherited) @executable_path/Frameworks";
				OTHER_LDFLAGS = "-ObjC";
				PRODUCT_NAME = "$(TARGET_NAME)";
				PROVISIONING_PROFILE = "";
				SWIFT_INCLUDE_PATHS = "";
				SWIFT_OBJC_BRIDGING_HEADER = "./SST Announcer/Announcer-Bridging-Header.h";
				USER_HEADER_SEARCH_PATHS = "Externals/DTCoreText/Externals/DTFoundation/Core/** Externals/DTCoreText/Core/**";
			};
			name = Debug;
		};
		227E71621B1D44DF00215577 /* Release */ = {
			isa = XCBuildConfiguration;
			buildSettings = {
				ASSETCATALOG_COMPILER_APPICON_NAME = AppIcon;
				ASSETCATALOG_COMPILER_LAUNCHIMAGE_NAME = LaunchImage;
				CODE_SIGN_ENTITLEMENTS = Announcer.entitlements;
				CODE_SIGN_IDENTITY = "iPhone Distribution";
				"CODE_SIGN_IDENTITY[sdk=iphoneos*]" = "iPhone Distribution";
				COPY_PHASE_STRIP = NO;
				FRAMEWORK_SEARCH_PATHS = (
					"$(inherited)",
					"$(PROJECT_DIR)/Externals",
					"$(PROJECT_DIR)",
				);
				GCC_GENERATE_DEBUGGING_SYMBOLS = YES;
				GCC_OPTIMIZATION_LEVEL = s;
				INFOPLIST_FILE = "SST Announcer/Info.plist";
				IPHONEOS_DEPLOYMENT_TARGET = 7.1;
				LD_RUNPATH_SEARCH_PATHS = "$(inherited) @executable_path/Frameworks";
				OTHER_LDFLAGS = "-ObjC";
				PRODUCT_NAME = "$(TARGET_NAME)";
				PROVISIONING_PROFILE = "";
				SWIFT_INCLUDE_PATHS = "";
				SWIFT_OBJC_BRIDGING_HEADER = "./SST Announcer/Announcer-Bridging-Header.h";
				USER_HEADER_SEARCH_PATHS = "Externals/DTCoreText/Externals/DTFoundation/Core/** Externals/DTCoreText/Core/**";
			};
			name = Release;
		};
		227E71641B1D44DF00215577 /* Debug */ = {
			isa = XCBuildConfiguration;
			buildSettings = {
				BUNDLE_LOADER = "$(TEST_HOST)";
				FRAMEWORK_SEARCH_PATHS = (
					"$(SDKROOT)/Developer/Library/Frameworks",
					"$(inherited)",
				);
				GCC_PREPROCESSOR_DEFINITIONS = (
					"DEBUG=1",
					"$(inherited)",
				);
				INFOPLIST_FILE = "SST AnnouncerTests/Info.plist";
				LD_RUNPATH_SEARCH_PATHS = "$(inherited) @executable_path/Frameworks @loader_path/Frameworks";
				PRODUCT_NAME = "$(TARGET_NAME)";
				TEST_HOST = "$(BUILT_PRODUCTS_DIR)/Announcer.app/Announcer";
			};
			name = Debug;
		};
		227E71651B1D44DF00215577 /* Release */ = {
			isa = XCBuildConfiguration;
			buildSettings = {
				BUNDLE_LOADER = "$(TEST_HOST)";
				FRAMEWORK_SEARCH_PATHS = (
					"$(SDKROOT)/Developer/Library/Frameworks",
					"$(inherited)",
				);
				INFOPLIST_FILE = "SST AnnouncerTests/Info.plist";
				LD_RUNPATH_SEARCH_PATHS = "$(inherited) @executable_path/Frameworks @loader_path/Frameworks";
				PRODUCT_NAME = "$(TARGET_NAME)";
				TEST_HOST = "$(BUILT_PRODUCTS_DIR)/Announcer.app/Announcer";
			};
			name = Release;
		};
/* End XCBuildConfiguration section */

/* Begin XCConfigurationList section */
		224428A71B46C3550050CF2B /* Build configuration list for PBXNativeTarget "Announcer WatchKit App" */ = {
			isa = XCConfigurationList;
			buildConfigurations = (
				224428A81B46C3550050CF2B /* Debug */,
				224428A91B46C3550050CF2B /* Release */,
			);
			defaultConfigurationIsVisible = 0;
			defaultConfigurationName = Release;
		};
		224428AA1B46C3550050CF2B /* Build configuration list for PBXNativeTarget "Announcer WatchKit Extension" */ = {
			isa = XCConfigurationList;
			buildConfigurations = (
				224428AB1B46C3550050CF2B /* Debug */,
				224428AC1B46C3550050CF2B /* Release */,
			);
			defaultConfigurationIsVisible = 0;
			defaultConfigurationName = Release;
		};
		227E713C1B1D44DF00215577 /* Build configuration list for PBXProject "SST Announcer" */ = {
			isa = XCConfigurationList;
			buildConfigurations = (
				227E715E1B1D44DF00215577 /* Debug */,
				227E715F1B1D44DF00215577 /* Release */,
			);
			defaultConfigurationIsVisible = 0;
			defaultConfigurationName = Release;
		};
		227E71601B1D44DF00215577 /* Build configuration list for PBXNativeTarget "Announcer" */ = {
			isa = XCConfigurationList;
			buildConfigurations = (
				227E71611B1D44DF00215577 /* Debug */,
				227E71621B1D44DF00215577 /* Release */,
			);
			defaultConfigurationIsVisible = 0;
			defaultConfigurationName = Release;
		};
		227E71631B1D44DF00215577 /* Build configuration list for PBXNativeTarget "AnnouncerTests" */ = {
			isa = XCConfigurationList;
			buildConfigurations = (
				227E71641B1D44DF00215577 /* Debug */,
				227E71651B1D44DF00215577 /* Release */,
			);
			defaultConfigurationIsVisible = 0;
			defaultConfigurationName = Release;
		};
/* End XCConfigurationList section */
	};
	rootObject = 227E71391B1D44DF00215577 /* Project object */;
}
